
Microsoft Visual Studio Solution File, Format Version 12.00
# Visual Studio Version 16
VisualStudioVersion = 16.0.31105.61
MinimumVisualStudioVersion = 10.0.40219.1
Project("{FAE04EC0-301F-11D3-BF4B-00C04F79EFBC}") = "Solution", "Solution\Solution.csproj", "{66F70940-AE7E-4414-8A5A-DC2D2C988D5E}"
EndProject
Project("{FAE04EC0-301F-11D3-BF4B-00C04F79EFBC}") = "Sum, min, max, avg", "Sum, min, max, avg\Sum, min, max, avg.csproj", "{50D11727-C34E-42FD-8257-D1C55DDB9A48}"
EndProject
Project("{FAE04EC0-301F-11D3-BF4B-00C04F79EFBC}") = "Three bigest numbers", "Three bigest numbers\Three bigest numbers.csproj", "{23A8ABE1-6237-4DB0-AD5A-47C534CCE820}"
EndProject
Project("{FAE04EC0-301F-11D3-BF4B-00C04F79EFBC}") = "Sort short words", "Sort short words\Sort short words.csproj", "{E90A44A4-1D5B-4324-A6E1-73CC87B2238F}"
EndProject
Project("{FAE04EC0-301F-11D3-BF4B-00C04F79EFBC}") = "Fold and sum", "Fold and sum\Fold and sum.csproj", "{CBA862F8-B0BD-4B11-A289-927A8FA79359}"
EndProject
Global
	GlobalSection(SolutionConfigurationPlatforms) = preSolution
		Debug|Any CPU = Debug|Any CPU
		Release|Any CPU = Release|Any CPU
	EndGlobalSection
	GlobalSection(ProjectConfigurationPlatforms) = postSolution
		{66F70940-AE7E-4414-8A5A-DC2D2C988D5E}.Debug|Any CPU.ActiveCfg = Debug|Any CPU
		{66F70940-AE7E-4414-8A5A-DC2D2C988D5E}.Debug|Any CPU.Build.0 = Debug|Any CPU
		{66F70940-AE7E-4414-8A5A-DC2D2C988D5E}.Release|Any CPU.ActiveCfg = Release|Any CPU
		{66F70940-AE7E-4414-8A5A-DC2D2C988D5E}.Release|Any CPU.Build.0 = Release|Any CPU
		{50D11727-C34E-42FD-8257-D1C55DDB9A48}.Debug|Any CPU.ActiveCfg = Debug|Any CPU
		{50D11727-C34E-42FD-8257-D1C55DDB9A48}.Debug|Any CPU.Build.0 = Debug|Any CPU
		{50D11727-C34E-42FD-8257-D1C55DDB9A48}.Release|Any CPU.ActiveCfg = Release|Any CPU
		{50D11727-C34E-42FD-8257-D1C55DDB9A48}.Release|Any CPU.Build.0 = Release|Any CPU
		{23A8ABE1-6237-4DB0-AD5A-47C534CCE820}.Debug|Any CPU.ActiveCfg = Debug|Any CPU
		{23A8ABE1-6237-4DB0-AD5A-47C534CCE820}.Debug|Any CPU.Build.0 = Debug|Any CPU
		{23A8ABE1-6237-4DB0-AD5A-47C534CCE820}.Release|Any CPU.ActiveCfg = Release|Any CPU
		{23A8ABE1-6237-4DB0-AD5A-47C534CCE820}.Release|Any CPU.Build.0 = Release|Any CPU
		{E90A44A4-1D5B-4324-A6E1-73CC87B2238F}.Debug|Any CPU.ActiveCfg = Debug|Any CPU
		{E90A44A4-1D5B-4324-A6E1-73CC87B2238F}.Debug|Any CPU.Build.0 = Debug|Any CPU
		{E90A44A4-1D5B-4324-A6E1-73CC87B2238F}.Release|Any CPU.ActiveCfg = Release|Any CPU
		{E90A44A4-1D5B-4324-A6E1-73CC87B2238F}.Release|Any CPU.Build.0 = Release|Any CPU
		{CBA862F8-B0BD-4B11-A289-927A8FA79359}.Debug|Any CPU.ActiveCfg = Debug|Any CPU
		{CBA862F8-B0BD-4B11-A289-927A8FA79359}.Debug|Any CPU.Build.0 = Debug|Any CPU
		{CBA862F8-B0BD-4B11-A289-927A8FA79359}.Release|Any CPU.ActiveCfg = Release|Any CPU
		{CBA862F8-B0BD-4B11-A289-927A8FA79359}.Release|Any CPU.Build.0 = Release|Any CPU
	EndGlobalSection
	GlobalSection(SolutionProperties) = preSolution
		HideSolutionNode = FALSE
	EndGlobalSection
	GlobalSection(ExtensibilityGlobals) = postSolution
		SolutionGuid = {A38C4B11-F476-4CBF-8BBC-51E948F66C8B}
	EndGlobalSection
EndGlobal
